
Microsoft Visual Studio Solution File, Format Version 12.00
# Visual Studio Version 16
VisualStudioVersion = 16.0.30011.22
MinimumVisualStudioVersion = 10.0.40219.1
Project("{FAE04EC0-301F-11D3-BF4B-00C04F79EFBC}") = "NeuralNetworck", "NeuralNetworck\NeuralNetworck.csproj", "{CE45C2B9-19D2-4706-947F-54E33EDE3168}"
EndProject
Global
	GlobalSection(SolutionConfigurationPlatforms) = preSolution
		Debug|Any CPU = Debug|Any CPU
		Release|Any CPU = Release|Any CPU
	EndGlobalSection
	GlobalSection(ProjectConfigurationPlatforms) = postSolution
		{CE45C2B9-19D2-4706-947F-54E33EDE3168}.Debug|Any CPU.ActiveCfg = Debug|Any CPU
		{CE45C2B9-19D2-4706-947F-54E33EDE3168}.Debug|Any CPU.Build.0 = Debug|Any CPU
		{CE45C2B9-19D2-4706-947F-54E33EDE3168}.Release|Any CPU.ActiveCfg = Release|Any CPU
		{CE45C2B9-19D2-4706-947F-54E33EDE3168}.Release|Any CPU.Build.0 = Release|Any CPU
	EndGlobalSection
	GlobalSection(SolutionProperties) = preSolution
		HideSolutionNode = FALSE
	EndGlobalSection
	GlobalSection(ExtensibilityGlobals) = postSolution
		SolutionGuid = {00DA59B5-060E-4FA9-8A6B-683D772BF79F}
	EndGlobalSection
EndGlobal
